
Microsoft Visual Studio Solution File, Format Version 12.00
# Visual Studio 14
VisualStudioVersion = 14.0.23107.0
MinimumVisualStudioVersion = 10.0.40219.1
Project("{F14B399A-7131-4C87-9E4B-1186C45EF12D}") = "GrandlabProducts", "SupportReports\GrandlabProducts.rptproj", "{69E0FB57-26A0-4721-9F28-7C75D4E76F9B}"
EndProject
Global
	GlobalSection(SolutionConfigurationPlatforms) = preSolution
		Debug|Default = Debug|Default
		DebugLocal|Default = DebugLocal|Default
		Release|Default = Release|Default
	EndGlobalSection
	GlobalSection(ProjectConfigurationPlatforms) = postSolution
		{69E0FB57-26A0-4721-9F28-7C75D4E76F9B}.Debug|Default.ActiveCfg = Debug
		{69E0FB57-26A0-4721-9F28-7C75D4E76F9B}.Debug|Default.Build.0 = Debug
		{69E0FB57-26A0-4721-9F28-7C75D4E76F9B}.Debug|Default.Deploy.0 = Debug
		{69E0FB57-26A0-4721-9F28-7C75D4E76F9B}.DebugLocal|Default.ActiveCfg = DebugLocal
		{69E0FB57-26A0-4721-9F28-7C75D4E76F9B}.DebugLocal|Default.Build.0 = DebugLocal
		{69E0FB57-26A0-4721-9F28-7C75D4E76F9B}.Release|Default.ActiveCfg = Release
		{69E0FB57-26A0-4721-9F28-7C75D4E76F9B}.Release|Default.Build.0 = Release
		{69E0FB57-26A0-4721-9F28-7C75D4E76F9B}.Release|Default.Deploy.0 = Release
	EndGlobalSection
	GlobalSection(SolutionProperties) = preSolution
		HideSolutionNode = FALSE
	EndGlobalSection
EndGlobal
